{
  "nodes": {
    "nixpkgs": {
      "locked": {
        "lastModified": 1716457947,
        "narHash": "sha256-Y+exebcqeprnhEpoPJrEUZmNeO60qeOxkVHhqG/OEwQ=",
        "owner": "nixos",
        "repo": "nixpkgs",
        "rev": "69493a13eaea0dc4682fd07e8a084f17813dbeeb",
        "type": "github"
      },
      "original": {
        "owner": "nixos",
        "repo": "nixpkgs",
        "rev": "69493a13eaea0dc4682fd07e8a084f17813dbeeb",
        "type": "github"
      }
    },
    "root": {
      "inputs": {
        "nixpkgs": [
          "rv-utils",
          "nixpkgs"
        ],
        "rv-utils": "rv-utils",
        "stacklock2nix": "stacklock2nix",
        "z3": "z3"
      }
    },
    "rv-utils": {
      "inputs": {
        "nixpkgs": "nixpkgs"
      },
      "locked": {
        "lastModified": 1716459074,
        "narHash": "sha256-IpahO+EkWdGl9QP7B2YXfJWpSfghjxgpz4ab47nRJY4=",
        "owner": "runtimeverification",
        "repo": "rv-nix-tools",
        "rev": "a65058865cda201de504f5546271b8e997a0be9c",
        "type": "github"
      },
      "original": {
        "owner": "runtimeverification",
        "repo": "rv-nix-tools",
        "type": "github"
      }
    },
    "stacklock2nix": {
      "locked": {
        "lastModified": 1705051190,
        "narHash": "sha256-xgH0gaD3dNtOzZzX3A40hZTiHJP5cIGmifbmfcS2OGI=",
        "owner": "cdepillabout",
        "repo": "stacklock2nix",
        "rev": "22676dfc45fa1c33899ba1da1a23665172a18ba7",
        "type": "github"
      },
      "original": {
        "owner": "cdepillabout",
        "repo": "stacklock2nix",
        "type": "github"
      }
    },
    "z3": {
      "flake": false,
      "locked": {
        "lastModified": 1709835916,
        "narHash": "sha256-MIbP3QgKIGF/qUMTupaO7xD46LbmH69kF/394Sajhkg=",
        "owner": "Z3Prover",
        "repo": "z3",
        "rev": "3049f578a8f98a0b0992eca193afe57a73b30ca3",
        "type": "github"
      },
      "original": {
        "owner": "Z3Prover",
        "ref": "z3-4.13.0",
        "repo": "z3",
        "type": "github"
      }
    }
  },
  "root": "root",
  "version": 7
}
