{
  "nodes": {
    "nixpkgs": {
      "locked": {
        "lastModified": 1707163378,
        "narHash": "sha256-oz+BzUDwtyircjjxv9aPYOS5gobxLCjD2il+gb/bCRo=",
        "owner": "nixos",
        "repo": "nixpkgs",
        "rev": "e2ffefe304d941bb98989847944f3b58e0adcdd5",
        "type": "github"
      },
      "original": {
        "owner": "nixos",
        "repo": "nixpkgs",
        "rev": "e2ffefe304d941bb98989847944f3b58e0adcdd5",
        "type": "github"
      }
    },
    "root": {
      "inputs": {
        "nixpkgs": [
          "rv-utils",
          "nixpkgs"
        ],
        "rv-utils": "rv-utils",
        "stacklock2nix": "stacklock2nix",
        "z3": "z3"
      }
    },
    "rv-utils": {
      "inputs": {
        "nixpkgs": "nixpkgs"
      },
      "locked": {
        "lastModified": 1707492220,
        "narHash": "sha256-KRndaUPzUumDlNcKF7KzA8F/EZKLYCvurh7Z13sw2PI=",
        "owner": "runtimeverification",
        "repo": "rv-nix-tools",
        "rev": "abf86805a623948c941e603e2fc4c26a06ea6eb6",
        "type": "github"
      },
      "original": {
        "owner": "runtimeverification",
        "repo": "rv-nix-tools",
        "type": "github"
      }
    },
    "stacklock2nix": {
      "locked": {
        "lastModified": 1705051190,
        "narHash": "sha256-xgH0gaD3dNtOzZzX3A40hZTiHJP5cIGmifbmfcS2OGI=",
        "owner": "cdepillabout",
        "repo": "stacklock2nix",
        "rev": "22676dfc45fa1c33899ba1da1a23665172a18ba7",
        "type": "github"
      },
      "original": {
        "owner": "cdepillabout",
        "repo": "stacklock2nix",
        "type": "github"
      }
    },
    "z3": {
      "flake": false,
      "locked": {
        "lastModified": 1674011426,
        "narHash": "sha256-7cuUf29TMpX62PwO1ab3ZuzmzlcrRjTKB1CyXnYgYus=",
        "owner": "Z3Prover",
        "repo": "z3",
        "rev": "3012293c35eadbfd73e5b94adbe50b0cc44ffb83",
        "type": "github"
      },
      "original": {
        "owner": "Z3Prover",
        "ref": "z3-4.12.1",
        "repo": "z3",
        "type": "github"
      }
    }
  },
  "root": "root",
  "version": 7
}
