# This file was autogenerated by Stack.
# You should not edit this file by hand.
# For more information, please see the documentation at:
#   https://docs.haskellstack.org/en/stable/lock_files

packages:
- completed:
    hackage: stylish-haskell-0.9.4.4@sha256:ea514922e47ea05a924355a841abd26d18101037c46fbb90e201ae83582a8728,4953
    pantry-tree:
      size: 2863
      sha256: 90316b02f585d82d84f90a393d838e9ae1603fd5c0a01f216459ab56f7dc8cfb
  original:
    hackage: stylish-haskell-0.9.4.4
snapshots:
- completed:
    size: 524804
    url: https://raw.githubusercontent.com/commercialhaskell/stackage-snapshots/master/lts/14/16.yaml
    sha256: 4d1519a4372d051d47a5eae2241cf3fb54e113d7475f89707ddb6ec06add2888
  original: lts-14.16
