# This file was autogenerated by Stack.
# You should not edit this file by hand.
# For more information, please see the documentation at:
#   https://docs.haskellstack.org/en/stable/lock_files

packages:
- completed:
    hackage: ghc-trace-events-0.1.2.1@sha256:2b7f9be840d748c3d33d0f70120a5d7614ef5862cb854efa272cd0c536319306,3117
    pantry-tree:
      size: 710
      sha256: 50f58ec1f2033c259402ad00ff42cbb0d002492f960967442b5bdd9a7a75dc0a
  original:
    hackage: ghc-trace-events-0.1.2.1
- completed:
    hackage: monoidal-containers-0.6.0.1@sha256:f56ea8fe91ff93da140e38b8dab4b94437b901818c13ba72fc7fc802290323ee,2583
    pantry-tree:
      size: 569
      sha256: 3a43dbbb1839521aae37a2baa3fb3ad0cc61a0a8fc4e3aec1f7dda15b92a0279
  original:
    hackage: monoidal-containers-0.6.0.1
- completed:
    hackage: newtype-0.2.2.0@sha256:36cb7b6a0e2ae2896d88dddf1ff22edbc9e5df02f02b3765be2533b6bc97d97d,1354
    pantry-tree:
      size: 260
      sha256: 3c558ec6f323175143a3037bc3f39e1cade39d4f85aeedf444973f3fdf8e9fd4
  original:
    hackage: newtype-0.2.2.0
- completed:
    hackage: sqlite-simple-0.4.18.0@sha256:3ceea56375c0a3590c814e411a4eb86943f8d31b93b110ca159c90689b6b39e5,3002
    pantry-tree:
      size: 1930
      sha256: e58b9955e483d51ee0966f8ba4384305d871480e2a38b32ee0fcd4573d74cf95
  original:
    hackage: sqlite-simple-0.4.18.0
- completed:
    hackage: direct-sqlite-2.3.26@sha256:04e835402f1508abca383182023e4e2b9b86297b8533afbd4e57d1a5652e0c23,3718
    pantry-tree:
      size: 770
      sha256: 11874ab21e10c5b54cd1e02a037b677dc1e2ee9986f38c599612c56654dc01c3
  original:
    hackage: direct-sqlite-2.3.26
- completed:
    hackage: witherable-0.4.2@sha256:81fd3b1e56e6d8c5b1acdbed06d49c72186902f7400139152afd70e37ad956d2,2285
    pantry-tree:
      size: 384
      sha256: 9249e2860d2d03f1d4b2204ee996eeeed836cfcfc426512742cc0e07f96fd407
  original:
    hackage: witherable-0.4.2
- completed:
    hackage: witherable-class-0@sha256:91f05518f9f4af5b02424f13ee7dcdab5d6618e01346aa2f388a72ff93e2e501,775
    pantry-tree:
      size: 277
      sha256: e99696bf95da593a3892c7b9a28db09ffd139b4b1b313f32cec9d26979aa7ce2
  original:
    hackage: witherable-class-0
- completed:
    name: co-log-core
    version: 0.2.1.1
    git: https://github.com/co-log/co-log.git
    subdir: co-log-core
    pantry-tree:
      size: 584
      sha256: 92f0a9908828d5719416462966e2de1605c2ccbcc5babb9b994db8c5dc629db9
    commit: 9227c7f2b06813c8a1354b1057255fab3c885c6b
  original:
    git: https://github.com/co-log/co-log.git
    subdir: co-log-core
    commit: 9227c7f2b06813c8a1354b1057255fab3c885c6b
- completed:
    name: co-log
    version: 0.4.0.1
    git: https://github.com/co-log/co-log.git
    subdir: co-log
    pantry-tree:
      size: 1321
      sha256: e109d27397424195ae63a886de4fc7b2be84f10e59b7de415781f57a482c7684
    commit: 9227c7f2b06813c8a1354b1057255fab3c885c6b
  original:
    git: https://github.com/co-log/co-log.git
    subdir: co-log
    commit: 9227c7f2b06813c8a1354b1057255fab3c885c6b
- completed:
    name: chronos
    version: 1.1.4
    git: https://github.com/andrewthad/chronos.git
    pantry-tree:
      size: 1035
      sha256: 5b49f2747d9f905ce20438e4985218d871d5e86b736100f109a0ac7708e9d564
    commit: 13b46574f2d811f27c693c78d92aed71c82f39d5
  original:
    git: https://github.com/andrewthad/chronos.git
    commit: 13b46574f2d811f27c693c78d92aed71c82f39d5
- completed:
    name: contiguous
    version: 0.6.2.0
    git: https://github.com/andrewthad/contiguous.git
    pantry-tree:
      size: 747
      sha256: 3691399ca689fafa0c6650e31408daaf85939460b78eed92bc6aca75401ae456
    commit: 28aaa3ee216ff58c712a3393435a0da62e057cca
  original:
    git: https://github.com/andrewthad/contiguous.git
    commit: 28aaa3ee216ff58c712a3393435a0da62e057cca
- completed:
    name: run-st
    version: 0.1.2.0
    git: https://github.com/andrewthad/run-st.git
    pantry-tree:
      size: 319
      sha256: 9158c07609c2dc3705d14003947af11964fb419e1f3d2663d4333d33686e561a
    commit: 74c8e13d59d936559b22798415c011a5a0d2570b
  original:
    git: https://github.com/andrewthad/run-st.git
    commit: 74c8e13d59d936559b22798415c011a5a0d2570b
- completed:
    name: typerep-map
    version: 0.5.0.0
    git: https://github.com/kowainik/typerep-map.git
    pantry-tree:
      size: 1937
      sha256: ecdcf04a1dd1ff02e757c6568873834febbdcd53a6c8bb4d726e774860015cae
    commit: 41838d2c1b3626bc2e7ae560bf85d3280b1cda20
  original:
    git: https://github.com/kowainik/typerep-map.git
    commit: 41838d2c1b3626bc2e7ae560bf85d3280b1cda20
- completed:
    name: bytebuild
    version: 0.3.11.0
    git: https://github.com/byteverse/bytebuild.git
    pantry-tree:
      size: 1352
      sha256: 2ee1011c71d19a80d1201bae0ee469151444816cf21c489d264e260be055445b
    commit: 59bb9596086213c70f98c7599a14be52685fd321
  original:
    git: https://github.com/byteverse/bytebuild.git
    commit: 59bb9596086213c70f98c7599a14be52685fd321
- completed:
    name: bytesmith
    version: 0.3.8.0
    git: https://github.com/tek/bytesmith.git
    pantry-tree:
      size: 1287
      sha256: 3d4366a2d75086e08ffff9b8dedc514f1eca7e35f897276549eddb36ba98c17d
    commit: 9237825bf757cc9d46365a341bb51004b68f84a0
  original:
    git: https://github.com/tek/bytesmith.git
    commit: 9237825bf757cc9d46365a341bb51004b68f84a0
- completed:
    name: byteslice
    version: 0.2.8.0
    git: https://github.com/byteverse/byteslice.git
    pantry-tree:
      size: 1646
      sha256: 43f413ac287f8fe6ffc2ffa5982da267e02277b2284a4ee11ee84b5b18bbefb4
    commit: 5c1ba9fada01b5101e6aeaeb0d5d37aff852b1ba
  original:
    git: https://github.com/byteverse/byteslice.git
    commit: 5c1ba9fada01b5101e6aeaeb0d5d37aff852b1ba
- completed:
    name: zigzag
    version: 0.0.1.0
    git: https://github.com/byteverse/zigzag.git
    pantry-tree:
      size: 370
      sha256: 05313bce1397d1bd6d34133033a94c7a991e72ea3a19baf7f960577974a407e7
    commit: dcf660fd76f134fccd550ce4c30bb26d4fb31b42
  original:
    git: https://github.com/byteverse/zigzag.git
    commit: dcf660fd76f134fccd550ce4c30bb26d4fb31b42
- completed:
    hackage: ghc-events-0.17.0.3@sha256:7cd7c9f2994cc75c48db99b4a1b71771571224c1cab03cb54990788a10872fb9,3821
    pantry-tree:
      size: 5028
      sha256: 8109896bb2f8307d87f7dbef3151ec6f53782e23cc77493e42dca7d8971c4bee
  original:
    hackage: ghc-events-0.17.0.3
- completed:
    hackage: tasty-test-reporter-0.1.1.4@sha256:22acd61058a9aa6fafeb742051347f22f1bac8658ad285bc2eb65b86173a1bc2,1765
    pantry-tree:
      size: 411
      sha256: 7d309686e6b362e904a2b49b7513307be54381690ca7472e926f73fd08a8353b
  original:
    hackage: tasty-test-reporter-0.1.1.4
- completed:
    hackage: junit-xml-0.1.0.0@sha256:5da18fe01fdb2e32904499ad67f32229a1df4bd4422483dd4a26090aeaf5de0d,1417
    pantry-tree:
      size: 384
      sha256: c21b8b22bbbebb15a8d6babb7efbf3d31045ca2f1763d7fc2c44e99d180a1a59
  original:
    hackage: junit-xml-0.1.0.0
- completed:
    hackage: compact-0.2.0.0@sha256:75ef98cb51201b4a0d6de95cbbb62be6237c092a3d594737346c70c5d56c2380,2413
    pantry-tree:
      size: 546
      sha256: 9514e48c9141b29a5f58b27c2950f17cc1c53eea3d393a6a1ed46ca16e876754
  original:
    hackage: compact-0.2.0.0
- completed:
    name: eventlog2speedscope
    version: 0.1.1
    git: https://github.com/goodlyrottenapple/pipes-ghc-events.git
    subdir: eventlog2speedscope
    pantry-tree:
      size: 363
      sha256: 5c8e4a1e411927009f73f439bc81a4c4cdd31db5a600f82f5304228d0008afe0
    commit: c227d88b88ca74eb56da36668cab8ba2af7b32ee
  original:
    git: https://github.com/goodlyrottenapple/pipes-ghc-events.git
    subdir: eventlog2speedscope
    commit: c227d88b88ca74eb56da36668cab8ba2af7b32ee
- completed:
    name: pipes-aeson
    version: 0.4.2
    git: https://github.com/goodlyrottenapple/pipes-ghc-events.git
    subdir: pipes-aeson
    pantry-tree:
      size: 841
      sha256: ca2885de6e0e32293ff25b2e4ef2ed38b46df3308be004b88c73e7f8b4ed92ff
    commit: c227d88b88ca74eb56da36668cab8ba2af7b32ee
  original:
    git: https://github.com/goodlyrottenapple/pipes-ghc-events.git
    subdir: pipes-aeson
    commit: c227d88b88ca74eb56da36668cab8ba2af7b32ee
- completed:
    name: pipes-ghc-events
    version: 0.1.0.0
    git: https://github.com/goodlyrottenapple/pipes-ghc-events.git
    subdir: pipes-ghc-events
    pantry-tree:
      size: 234
      sha256: 442cb60eae9a3f52d872d5fbae872a5b2bf8fe144940cb2b10f75f6a0caf3182
    commit: c227d88b88ca74eb56da36668cab8ba2af7b32ee
  original:
    git: https://github.com/goodlyrottenapple/pipes-ghc-events.git
    subdir: pipes-ghc-events
    commit: c227d88b88ca74eb56da36668cab8ba2af7b32ee
- completed:
    name: pipes-sqlite-simple
    version: '0.2'
    git: https://github.com/goodlyrottenapple/pipes-ghc-events.git
    subdir: pipes-sqlite-simple
    pantry-tree:
      size: 631
      sha256: 7e6a1c449ab2b3bb7b987f4819578b82ce905e7cc877ea10c5ed740c21b29e41
    commit: c227d88b88ca74eb56da36668cab8ba2af7b32ee
  original:
    git: https://github.com/goodlyrottenapple/pipes-ghc-events.git
    subdir: pipes-sqlite-simple
    commit: c227d88b88ca74eb56da36668cab8ba2af7b32ee
- completed:
    hackage: json-rpc-1.0.4@sha256:e6805381c86fdfc782102b1aa7e3708e89492f986c8e553d953b0fa21f790a0c,3510
    pantry-tree:
      size: 853
      sha256: df55a5a0556e2e32300ec182a72b95cb8719f005cc45e20a7b1ed0527378178a
  original:
    hackage: json-rpc-1.0.4@sha256:e6805381c86fdfc782102b1aa7e3708e89492f986c8e553d953b0fa21f790a0c,3510
- completed:
    name: graphviz
    version: 2999.20.1.0
    git: https://github.com/byorgey/graphviz.git
    pantry-tree:
      size: 4467
      sha256: 0458f867ea47fe02cba07a71669b4a10bcc04f69a683f8b4591cf604884771c8
    commit: ad580585c5cf698c5ee4d4cbedfb2da21b7b4026
  original:
    git: https://github.com/byorgey/graphviz.git
    commit: ad580585c5cf698c5ee4d4cbedfb2da21b7b4026
snapshots:
- completed:
    size: 607265
    url: https://raw.githubusercontent.com/commercialhaskell/stackage-snapshots/master/nightly/2022/6/10.yaml
    sha256: 8ce4d68612c7240079dc2d2f935f4a383051feb8bcf5210ec16ae13c12917cb5
  original: nightly-2022-06-10
