# This file was autogenerated by Stack.
# You should not edit this file by hand.
# For more information, please see the documentation at:
#   https://docs.haskellstack.org/en/stable/lock_files

packages:
- completed:
    hackage: ghc-trace-events-0.1.2.1@sha256:2b7f9be840d748c3d33d0f70120a5d7614ef5862cb854efa272cd0c536319306,3117
    pantry-tree:
      size: 710
      sha256: 50f58ec1f2033c259402ad00ff42cbb0d002492f960967442b5bdd9a7a75dc0a
  original:
    hackage: ghc-trace-events-0.1.2.1
- completed:
    hackage: witherable-0.3.5@sha256:6590a15735b50ac14dcc138d4265ff1585d5f3e9d3047d5ebc5abf4cd5f50084,1476
    pantry-tree:
      size: 271
      sha256: b99f21dbac28da031eb7c787fbffbe5e77e0aee42b64b5dda082470e907d5ab5
  original:
    hackage: witherable-0.3.5@sha256:6590a15735b50ac14dcc138d4265ff1585d5f3e9d3047d5ebc5abf4cd5f50084,1476
- completed:
    hackage: witherable-class-0@sha256:91f05518f9f4af5b02424f13ee7dcdab5d6618e01346aa2f388a72ff93e2e501,775
    pantry-tree:
      size: 277
      sha256: e99696bf95da593a3892c7b9a28db09ffd139b4b1b313f32cec9d26979aa7ce2
  original:
    hackage: witherable-class-0@sha256:91f05518f9f4af5b02424f13ee7dcdab5d6618e01346aa2f388a72ff93e2e501,775
- completed:
    cabal-file:
      size: 1779
      sha256: e34ea27f5a8f6673de2952c29799da243adb2246b1912a207e903caa9a9dbe34
    name: tasty-test-reporter
    version: 0.1.1.1
    git: https://github.com/ttuegel/tasty-test-reporter.git
    pantry-tree:
      size: 810
      sha256: 57f84ef3bff91c81d1b32f84673dd194a2180db82ac2860a1e1646d1a04d7de6
    commit: e411234da88d3f32dfe1319c5edce478abf5115b
  original:
    git: https://github.com/ttuegel/tasty-test-reporter.git
    commit: e411234da88d3f32dfe1319c5edce478abf5115b
- completed:
    hackage: junit-xml-0.1.0.0@sha256:5da18fe01fdb2e32904499ad67f32229a1df4bd4422483dd4a26090aeaf5de0d,1417
    pantry-tree:
      size: 384
      sha256: c21b8b22bbbebb15a8d6babb7efbf3d31045ca2f1763d7fc2c44e99d180a1a59
  original:
    hackage: junit-xml-0.1.0.0@sha256:5da18fe01fdb2e32904499ad67f32229a1df4bd4422483dd4a26090aeaf5de0d,1417
- completed:
    subdir: eventlog2speedscope
    cabal-file:
      size: 1706
      sha256: 3b51440b75bb61e34c82be0b47363bcaee64f8cb5554e89738d8a772e0943acc
    name: eventlog2speedscope
    version: 0.1.0
    git: https://github.com/ttuegel/pipes-ghc-events.git
    pantry-tree:
      size: 363
      sha256: bf7f63efcb80d658bc8c03c4c33500956c5da582762801eabf273b29a594d0e1
    commit: 4f3966a4580076a8f6e8ca74e7c1d63c0aae79d2
  original:
    subdir: eventlog2speedscope
    git: https://github.com/ttuegel/pipes-ghc-events.git
    commit: 4f3966a4580076a8f6e8ca74e7c1d63c0aae79d2
- completed:
    subdir: pipes-ghc-events
    cabal-file:
      size: 1150
      sha256: fcf6742c70f45a38f5ee00c163638f147308b82c8532ae9b50101be3baae3243
    name: pipes-ghc-events
    version: 0.1.0.0
    git: https://github.com/ttuegel/pipes-ghc-events.git
    pantry-tree:
      size: 234
      sha256: 0e952e299fd0d54b3fcfe4b964985dfd151a2018ccc255b6c62f5c864a705aa1
    commit: 4f3966a4580076a8f6e8ca74e7c1d63c0aae79d2
  original:
    subdir: pipes-ghc-events
    git: https://github.com/ttuegel/pipes-ghc-events.git
    commit: 4f3966a4580076a8f6e8ca74e7c1d63c0aae79d2
- completed:
    cabal-file:
      size: 776
      sha256: 76e013aa2b29b628e82b0ca0374dcb091147d9a45fd92d84a4ec8174656ea189
    name: pipes-sqlite-simple
    version: '0.2'
    git: https://github.com/ttuegel/pipes-sqlite-simple.git
    pantry-tree:
      size: 416
      sha256: 94a6840d3b1dd1ca7165f9502778637f26cd93d313c8876262fcd5a6f4e497a8
    commit: a3920f053f92e76f2a7ff7c68e34f9e926817702
  original:
    git: https://github.com/ttuegel/pipes-sqlite-simple.git
    commit: a3920f053f92e76f2a7ff7c68e34f9e926817702
- completed:
    hackage: ghc-events-0.13.0@sha256:27f7ed54b6e27ba6142f8e7c2a1dd39cf099d4471eff570327a4e5058995fb3c,5431
    pantry-tree:
      size: 4089
      sha256: 462ec4fb4f1348f5365c93a83b4475d12a5db9997c838761989b587bcaef1ad2
  original:
    hackage: ghc-events-0.13.0
snapshots:
- completed:
    size: 524996
    url: https://raw.githubusercontent.com/commercialhaskell/stackage-snapshots/master/lts/14/27.yaml
    sha256: 7ea31a280c56bf36ff591a7397cc384d0dff622e7f9e4225b47d8980f019a0f0
  original: lts-14.27
