# This file was autogenerated by Stack.
# You should not edit this file by hand.
# For more information, please see the documentation at:
#   https://docs.haskellstack.org/en/stable/lock_files

packages:
- completed:
    hackage: ghc-trace-events-0.1.2.1@sha256:2b7f9be840d748c3d33d0f70120a5d7614ef5862cb854efa272cd0c536319306,3117
    pantry-tree:
      size: 710
      sha256: 50f58ec1f2033c259402ad00ff42cbb0d002492f960967442b5bdd9a7a75dc0a
  original:
    hackage: ghc-trace-events-0.1.2.1
- completed:
    hackage: monoidal-containers-0.6.0.1@sha256:7d776942659eb4d70d8b8da5d734396374a6eda8b4622df9e61e26b24e9c8e40,2501
    pantry-tree:
      size: 569
      sha256: c354e916cb3aa9a0728a60f08440dc589a9e6d8275f047dbe9ab73f168247561
  original:
    hackage: monoidal-containers-0.6.0.1
- completed:
    hackage: newtype-0.2.2.0@sha256:44435da250d96ab3a5a861425739f6af523495d1a3943f783df4b053b8a4c108,1354
    pantry-tree:
      size: 260
      sha256: e53d22dd191bfef5d9b9a05a9cf48e96067c22521937468445c171f3800810b4
  original:
    hackage: newtype-0.2.2.0
- completed:
    hackage: sqlite-simple-0.4.18.0@sha256:3ceea56375c0a3590c814e411a4eb86943f8d31b93b110ca159c90689b6b39e5,3002
    pantry-tree:
      size: 1930
      sha256: e58b9955e483d51ee0966f8ba4384305d871480e2a38b32ee0fcd4573d74cf95
  original:
    hackage: sqlite-simple-0.4.18.0
- completed:
    hackage: direct-sqlite-2.3.26@sha256:04e835402f1508abca383182023e4e2b9b86297b8533afbd4e57d1a5652e0c23,3718
    pantry-tree:
      size: 770
      sha256: 11874ab21e10c5b54cd1e02a037b677dc1e2ee9986f38c599612c56654dc01c3
  original:
    hackage: direct-sqlite-2.3.26
- completed:
    hackage: witherable-0.3.5@sha256:6590a15735b50ac14dcc138d4265ff1585d5f3e9d3047d5ebc5abf4cd5f50084,1476
    pantry-tree:
      size: 271
      sha256: b99f21dbac28da031eb7c787fbffbe5e77e0aee42b64b5dda082470e907d5ab5
  original:
    hackage: witherable-0.3.5
- completed:
    hackage: witherable-class-0@sha256:91f05518f9f4af5b02424f13ee7dcdab5d6618e01346aa2f388a72ff93e2e501,775
    pantry-tree:
      size: 277
      sha256: e99696bf95da593a3892c7b9a28db09ffd139b4b1b313f32cec9d26979aa7ce2
  original:
    hackage: witherable-class-0
- completed:
    hackage: co-log-0.4.0.1@sha256:3d4c17f37693c80d1aa2c41669bc3438fac3e89dc5f479e57d79bc3ddc4dfcc5,5087
    pantry-tree:
      size: 1126
      sha256: e73165ff8f744709428e2e87984c9d60ca1cec43d8455c413181c7c466e7497c
  original:
    hackage: co-log-0.4.0.1
- completed:
    hackage: tasty-test-reporter-0.1.1.4@sha256:22acd61058a9aa6fafeb742051347f22f1bac8658ad285bc2eb65b86173a1bc2,1765
    pantry-tree:
      size: 411
      sha256: 7d309686e6b362e904a2b49b7513307be54381690ca7472e926f73fd08a8353b
  original:
    hackage: tasty-test-reporter-0.1.1.4
- completed:
    hackage: tasty-hedgehog-1.2.0.0@sha256:3deb98e9a9de9e27c25d02b7fe92ad5cf68d5163fdaaf35bca3923b3e671d46d,1803
    pantry-tree:
      size: 330
      sha256: 31987ee70107c5c204137d6f75b401cf8ed5e57df1047ee17d9eb0d4a6f7bc24
  original:
    hackage: tasty-hedgehog-1.2.0.0
- completed:
    hackage: junit-xml-0.1.0.0@sha256:5da18fe01fdb2e32904499ad67f32229a1df4bd4422483dd4a26090aeaf5de0d,1417
    pantry-tree:
      size: 384
      sha256: c21b8b22bbbebb15a8d6babb7efbf3d31045ca2f1763d7fc2c44e99d180a1a59
  original:
    hackage: junit-xml-0.1.0.0
- completed:
    subdir: eventlog2speedscope
    name: eventlog2speedscope
    version: 0.1.0
    git: https://github.com/ttuegel/pipes-ghc-events.git
    pantry-tree:
      size: 363
      sha256: db17d33a7672b8e31f5fe9a1808331ab6ec0882ac8c15c51ba25d96bcd8f5042
    commit: 4ab25e717658fa833aaf5efd76db38ccb1178f96
  original:
    subdir: eventlog2speedscope
    git: https://github.com/ttuegel/pipes-ghc-events.git
    commit: 4ab25e717658fa833aaf5efd76db38ccb1178f96
- completed:
    subdir: pipes-ghc-events
    name: pipes-ghc-events
    version: 0.1.0.0
    git: https://github.com/ttuegel/pipes-ghc-events.git
    pantry-tree:
      size: 234
      sha256: 442cb60eae9a3f52d872d5fbae872a5b2bf8fe144940cb2b10f75f6a0caf3182
    commit: 4ab25e717658fa833aaf5efd76db38ccb1178f96
  original:
    subdir: pipes-ghc-events
    git: https://github.com/ttuegel/pipes-ghc-events.git
    commit: 4ab25e717658fa833aaf5efd76db38ccb1178f96
- completed:
    name: pipes-sqlite-simple
    version: '0.2'
    git: https://github.com/ttuegel/pipes-sqlite-simple.git
    pantry-tree:
      size: 416
      sha256: 94a6840d3b1dd1ca7165f9502778637f26cd93d313c8876262fcd5a6f4e497a8
    commit: a3920f053f92e76f2a7ff7c68e34f9e926817702
  original:
    git: https://github.com/ttuegel/pipes-sqlite-simple.git
    commit: a3920f053f92e76f2a7ff7c68e34f9e926817702
- completed:
    hackage: ghc-events-0.13.0@sha256:27f7ed54b6e27ba6142f8e7c2a1dd39cf099d4471eff570327a4e5058995fb3c,5431
    pantry-tree:
      size: 4089
      sha256: 462ec4fb4f1348f5365c93a83b4475d12a5db9997c838761989b587bcaef1ad2
  original:
    hackage: ghc-events-0.13.0
snapshots:
- completed:
    size: 586296
    url: https://raw.githubusercontent.com/commercialhaskell/stackage-snapshots/master/lts/18/18.yaml
    sha256: 63539429076b7ebbab6daa7656cfb079393bf644971156dc349d7c0453694ac2
  original: lts-18.18
