{
  "nodes": {
    "haskell-backend": {
      "inputs": {
        "nixpkgs": "nixpkgs",
        "stacklock2nix": "stacklock2nix",
        "z3": "z3"
      },
      "locked": {
        "lastModified": 1697702407,
        "narHash": "sha256-r9c5qpgoejKJePbxqq01QkHx/wZNypY/fUSugsapF8w=",
        "owner": "runtimeverification",
        "repo": "haskell-backend",
        "rev": "03a6228f78d7f4805fee4b9d9c45208dcbe0c9fb",
        "type": "github"
      },
      "original": {
        "owner": "runtimeverification",
        "repo": "haskell-backend",
        "rev": "03a6228f78d7f4805fee4b9d9c45208dcbe0c9fb",
        "type": "github"
      }
    },
    "nixpkgs": {
      "locked": {
        "lastModified": 1696983906,
        "narHash": "sha256-L7GyeErguS7Pg4h8nK0wGlcUTbfUMDu+HMf1UcyP72k=",
        "owner": "NixOS",
        "repo": "nixpkgs",
        "rev": "bd1cde45c77891214131cbbea5b1203e485a9d51",
        "type": "github"
      },
      "original": {
        "id": "nixpkgs",
        "ref": "nixos-23.05",
        "type": "indirect"
      }
    },
    "root": {
      "inputs": {
        "haskell-backend": "haskell-backend",
        "nixpkgs": [
          "haskell-backend",
          "nixpkgs"
        ],
        "stacklock2nix": [
          "haskell-backend",
          "stacklock2nix"
        ]
      }
    },
    "stacklock2nix": {
      "locked": {
        "lastModified": 1696895532,
        "narHash": "sha256-QXQ7frsy7D8V81oE6HQBZhlL48Vr7iPR5fSZfNaTdg0=",
        "owner": "cdepillabout",
        "repo": "stacklock2nix",
        "rev": "10d531672cada2e02ac49b1b18293e7a94938a38",
        "type": "github"
      },
      "original": {
        "owner": "cdepillabout",
        "repo": "stacklock2nix",
        "type": "github"
      }
    },
    "z3": {
      "flake": false,
      "locked": {
        "lastModified": 1674011426,
        "narHash": "sha256-7cuUf29TMpX62PwO1ab3ZuzmzlcrRjTKB1CyXnYgYus=",
        "owner": "Z3Prover",
        "repo": "z3",
        "rev": "3012293c35eadbfd73e5b94adbe50b0cc44ffb83",
        "type": "github"
      },
      "original": {
        "owner": "Z3Prover",
        "ref": "z3-4.12.1",
        "repo": "z3",
        "type": "github"
      }
    }
  },
  "root": "root",
  "version": 7
}
