# This file was autogenerated by Stack.
# You should not edit this file by hand.
# For more information, please see the documentation at:
#   https://docs.haskellstack.org/en/stable/lock_files

packages: []
snapshots:
- completed:
    sha256: 535b660316c15dda4f32f40bda562d2ae26b4d9c55e83ced1ab768ad2c869062
    size: 648420
    url: https://raw.githubusercontent.com/commercialhaskell/stackage-snapshots/master/nightly/2022/11/17.yaml
  original: nightly-2022-11-17
