# This file was autogenerated by Stack.
# You should not edit this file by hand.
# For more information, please see the documentation at:
#   https://docs.haskellstack.org/en/stable/lock_files

packages:
- completed:
    hackage: chronos-1.1.5@sha256:116b63db6e79574e7ac50bf12a6303af5dae4048b222c0f78380d24f481abb5a,3696
    pantry-tree:
      sha256: 0eb2e0874c845e299c2e174144fd37da1a7957fd0055b2b99b33d23a06c7720e
      size: 581
  original:
    hackage: chronos-1.1.5
- completed:
    hackage: co-log-0.5.0.0@sha256:a7e84650eaef7eba2d59ee7664309e79317a7ca67011abedf971f0e6bd6475bb,5448
    pantry-tree:
      sha256: 33b838c07c8b7e70b2e82bddc889bb1e6386d7e12a9d1593c0b4b263b1fcb925
      size: 1043
  original:
    hackage: co-log-0.5.0.0
- completed:
    hackage: decision-diagrams-0.2.0.0@sha256:d0d596a85e75252626ade6443473037d34329ccde88d3d947b96965bd098e342,3415
    pantry-tree:
      sha256: 8bbf52f818afc03b08d0805867559f32474c971b6451eef1cd67e346f92824ef
      size: 866
  original:
    hackage: decision-diagrams-0.2.0.0
- completed:
    hackage: typerep-map-0.5.0.0@sha256:34f1ba9b268a6d52e26ae460011a5571e8099b50a3f4a7c8db25dd8efe3be8ee,4667
    pantry-tree:
      sha256: ca5565de307d260dc67f6dae0d4d33eee42a3238183461569b5142ceb909c91d
      size: 1487
  original:
    hackage: typerep-map-0.5.0.0
- completed:
    hackage: monad-validate-1.2.0.1@sha256:5a100da896f11ca4b7c123da85decbedeb46c37054a097f258ac911e715cb68d,2587
    pantry-tree:
      sha256: 034ee4de9765e38b763f5d73b236cc112205728e680cefbfe12d2882accc3264
      size: 611
  original:
    hackage: monad-validate-1.2.0.1
- completed:
    commit: f739e52197754bec220a2b5f0ac397469ef90e7f
    git: https://github.com/runtimeverification/haskell-backend.git
    name: kore
    pantry-tree:
      sha256: e8fc431edeca149e6f303ce1e20f515184dc5932e1c665011a2a48909eab89ff
      size: 44548
    subdir: kore
    version: 0.60.0.0
  original:
    commit: f739e52197754bec220a2b5f0ac397469ef90e7f
    git: https://github.com/runtimeverification/haskell-backend.git
    subdir: kore
- completed:
    commit: f739e52197754bec220a2b5f0ac397469ef90e7f
    git: https://github.com/runtimeverification/haskell-backend.git
    name: kore-rpc-types
    pantry-tree:
      sha256: dd3ceace4dc6a415ac97890808e12bb8d462a81e15f8a192dfeb920c978318fc
      size: 404
    subdir: kore-rpc-types
    version: 0.60.0.0
  original:
    commit: f739e52197754bec220a2b5f0ac397469ef90e7f
    git: https://github.com/runtimeverification/haskell-backend.git
    subdir: kore-rpc-types
snapshots:
- completed:
    sha256: 126fa33ceb11f5e85ceb4e86d434756bd9a8439e2e5776d306a15fbc63b01e89
    size: 650041
    url: https://raw.githubusercontent.com/commercialhaskell/stackage-snapshots/master/lts/20/20.yaml
  original: lts-20.20
